{
    "_readme": [
        "This file locks the dependencies of your project to a known state",
        "Read more about it at https://getcomposer.org/doc/01-basic-usage.md#installing-dependencies",
        "This file is @generated automatically"
    ],
    "content-hash": "f942fa1ce3f63929f666ce50d608b782",
    "packages": [
        {
            "name": "boospot/boo-settings-helper",
            "version": "dev-master",
            "source": {
                "type": "git",
                "url": "https://github.com/boospot/boo-settings-helper.git",
                "reference": "53601f50ba5f0d4c97c54bf15388af27d1cff496"
            },
            "dist": {
                "type": "zip",
                "url": "https://api.github.com/repos/boospot/boo-settings-helper/zipball/53601f50ba5f0d4c97c54bf15388af27d1cff496",
                "reference": "53601f50ba5f0d4c97c54bf15388af27d1cff496",
                "shasum": ""
            },
            "type": "library",
            "extra": {
                "branch-alias": {
                    "dev-master": "5.x-dev"
                }
            },
            "autoload": {
                "files": [
                    "class-boo-settings-helper.php"
                ]
            },
            "notification-url": "https://packagist.org/downloads/",
            "license": [
                "GPL-2.0"
            ],
            "authors": [
                {
                    "name": "Rao Abid Ali",
                    "email": "rao@booskills.com",
                    "homepage": "https://booskills.com",
                    "role": "Developer"
                }
            ],
            "description": "Helper class that lets you create options settings page securely and swiftly without dealing with WordPress Settings API.",
            "homepage": "https://github.com/boospot/boo-settings-helper",
            "keywords": [
                "plugin options",
                "plugin settings",
                "settings page",
                "wordpress",
                "wordpress-plugin",
                "wp-admin"
            ],
            "time": "2020-07-27T13:40:28+00:00"
        },
        {
            "name": "boospot/boo-woocommerce-helper",
            "version": "1.0.0",
            "source": {
                "type": "git",
                "url": "https://github.com/boospot/boo-woocommerce-helper.git",
                "reference": "0efc3a6b586547b46dc6fa24d3f6806fd2fe2c18"
            },
            "dist": {
                "type": "zip",
                "url": "https://api.github.com/repos/boospot/boo-woocommerce-helper/zipball/0efc3a6b586547b46dc6fa24d3f6806fd2fe2c18",
                "reference": "0efc3a6b586547b46dc6fa24d3f6806fd2fe2c18",
                "shasum": ""
            },
            "type": "library",
            "autoload": {
                "files": [
                    "class-boo-woocommerce-helper.php"
                ]
            },
            "notification-url": "https://packagist.org/downloads/",
            "license": [
                "GPL-3.0+"
            ],
            "authors": [
                {
                    "name": "Rao Abid Ali",
                    "email": "rao@booskills.com",
                    "homepage": "https://booskills.com",
                    "role": "Developer"
                }
            ],
            "description": "Helper class that lets you create woocommerce fields and tabs for custom fields.",
            "homepage": "https://github.com/boospot/boo-woocommerce-helper",
            "keywords": [
                "custom fields",
                "custom fields WooCommerce",
                "woocommerce",
                "wordpress",
                "wordpress-plugin",
                "wp-admin"
            ],
            "time": "2019-11-29T13:12:12+00:00"
        }
    ],
    "packages-dev": [],
    "aliases": [],
    "minimum-stability": "stable",
    "stability-flags": {
        "boospot/boo-settings-helper": 20
    },
    "prefer-stable": false,
    "prefer-lowest": false,
    "platform": [],
    "platform-dev": [],
    "plugin-api-version": "1.1.0"
}
